// !$*UTF8*$!
{
	archiveVersion = 1;
	classes = {
	};
	objectVersion = 46;
	objects = {

/* Begin PBXBuildFile section */
		0E69D1EA18D6AD0800CDA858 /* Foundation.framework in Frameworks */ = {isa = PBXBuildFile; fileRef = 0E69D1E918D6AD0800CDA858 /* Foundation.framework */; };
		0E69D1EC18D6AD0800CDA858 /* CoreGraphics.framework in Frameworks */ = {isa = PBXBuildFile; fileRef = 0E69D1EB18D6AD0800CDA858 /* CoreGraphics.framework */; };
		0E69D1EE18D6AD0800CDA858 /* UIKit.framework in Frameworks */ = {isa = PBXBuildFile; fileRef = 0E69D1ED18D6AD0800CDA858 /* UIKit.framework */; };
		0E69D1F018D6AD0800CDA858 /* SpriteKit.framework in Frameworks */ = {isa = PBXBuildFile; fileRef = 0E69D1EF18D6AD0800CDA858 /* SpriteKit.framework */; };
		0E69D1F618D6AD0900CDA858 /* InfoPlist.strings in Resources */ = {isa = PBXBuildFile; fileRef = 0E69D1F418D6AD0900CDA858 /* InfoPlist.strings */; };
		0E69D1F818D6AD0900CDA858 /* main.m in Sources */ = {isa = PBXBuildFile; fileRef = 0E69D1F718D6AD0900CDA858 /* main.m */; };
		0E69D1FC18D6AD0900CDA858 /* STBAppDelegate.m in Sources */ = {isa = PBXBuildFile; fileRef = 0E69D1FB18D6AD0900CDA858 /* STBAppDelegate.m */; };
		0E69D1FF18D6AD0900CDA858 /* Main.storyboard in Resources */ = {isa = PBXBuildFile; fileRef = 0E69D1FD18D6AD0900CDA858 /* Main.storyboard */; };
		0E69D20218D6AD0900CDA858 /* STBGameViewController.m in Sources */ = {isa = PBXBuildFile; fileRef = 0E69D20118D6AD0900CDA858 /* STBGameViewController.m */; };
		0E69D20518D6AD0900CDA858 /* STBGameScene.m in Sources */ = {isa = PBXBuildFile; fileRef = 0E69D20418D6AD0900CDA858 /* STBGameScene.m */; };
		0E69D20718D6AD0900CDA858 /* Spaceship.png in Resources */ = {isa = PBXBuildFile; fileRef = 0E69D20618D6AD0900CDA858 /* Spaceship.png */; };
		0E69D20918D6AD0900CDA858 /* Images.xcassets in Resources */ = {isa = PBXBuildFile; fileRef = 0E69D20818D6AD0900CDA858 /* Images.xcassets */; };
		0E69D21018D6AD0900CDA858 /* XCTest.framework in Frameworks */ = {isa = PBXBuildFile; fileRef = 0E69D20F18D6AD0900CDA858 /* XCTest.framework */; };
		0E69D21118D6AD0900CDA858 /* Foundation.framework in Frameworks */ = {isa = PBXBuildFile; fileRef = 0E69D1E918D6AD0800CDA858 /* Foundation.framework */; };
		0E69D21218D6AD0900CDA858 /* UIKit.framework in Frameworks */ = {isa = PBXBuildFile; fileRef = 0E69D1ED18D6AD0800CDA858 /* UIKit.framework */; };
		0E69D21A18D6AD0900CDA858 /* InfoPlist.strings in Resources */ = {isa = PBXBuildFile; fileRef = 0E69D21818D6AD0900CDA858 /* InfoPlist.strings */; };
		0E69D21C18D6AD0900CDA858 /* SaveTheBallTests.m in Sources */ = {isa = PBXBuildFile; fileRef = 0E69D21B18D6AD0900CDA858 /* SaveTheBallTests.m */; };
		0E6F46C818E0713500D3D57A /* STBGameBlock.m in Sources */ = {isa = PBXBuildFile; fileRef = 0E6F46C718E0713500D3D57A /* STBGameBlock.m */; };
		AB17A1FA18E06C980039BA91 /* STBOptionsViewController.m in Sources */ = {isa = PBXBuildFile; fileRef = AB17A1F918E06C980039BA91 /* STBOptionsViewController.m */; };
		AB17A1FD18E06CB60039BA91 /* STBHighScoreViewController.m in Sources */ = {isa = PBXBuildFile; fileRef = AB17A1FC18E06CB60039BA91 /* STBHighScoreViewController.m */; };
		CB71413218DFCAC60025270C /* STBMainMenuViewController.m in Sources */ = {isa = PBXBuildFile; fileRef = CB71413118DFCAC60025270C /* STBMainMenuViewController.m */; };
		CB71413518DFCB4A0025270C /* button-long.png in Resources */ = {isa = PBXBuildFile; fileRef = CB71413418DFCB4A0025270C /* button-long.png */; };
		CB71413818DFCF330025270C /* STBSocialViewController.m in Sources */ = {isa = PBXBuildFile; fileRef = CB71413718DFCF330025270C /* STBSocialViewController.m */; };
		CB71413A18DFD06A0025270C /* Social.framework in Frameworks */ = {isa = PBXBuildFile; fileRef = CB71413918DFD06A0025270C /* Social.framework */; };
		CB71413C18DFD0840025270C /* Accounts.framework in Frameworks */ = {isa = PBXBuildFile; fileRef = CB71413B18DFD0840025270C /* Accounts.framework */; };
/* End PBXBuildFile section */

/* Begin PBXContainerItemProxy section */
		0E69D21318D6AD0900CDA858 /* PBXContainerItemProxy */ = {
			isa = PBXContainerItemProxy;
			containerPortal = 0E69D1DE18D6AD0800CDA858 /* Project object */;
			proxyType = 1;
			remoteGlobalIDString = 0E69D1E518D6AD0800CDA858;
			remoteInfo = SaveTheBall;
		};
/* End PBXContainerItemProxy section */

/* Begin PBXFileReference section */
		0E69D1E618D6AD0800CDA858 /* SaveTheBall.app */ = {isa = PBXFileReference; explicitFileType = wrapper.application; includeInIndex = 0; path = SaveTheBall.app; sourceTree = BUILT_PRODUCTS_DIR; };
		0E69D1E918D6AD0800CDA858 /* Foundation.framework */ = {isa = PBXFileReference; lastKnownFileType = wrapper.framework; name = Foundation.framework; path = System/Library/Frameworks/Foundation.framework; sourceTree = SDKROOT; };
		0E69D1EB18D6AD0800CDA858 /* CoreGraphics.framework */ = {isa = PBXFileReference; lastKnownFileType = wrapper.framework; name = CoreGraphics.framework; path = System/Library/Frameworks/CoreGraphics.framework; sourceTree = SDKROOT; };
		0E69D1ED18D6AD0800CDA858 /* UIKit.framework */ = {isa = PBXFileReference; lastKnownFileType = wrapper.framework; name = UIKit.framework; path = System/Library/Frameworks/UIKit.framework; sourceTree = SDKROOT; };
		0E69D1EF18D6AD0800CDA858 /* SpriteKit.framework */ = {isa = PBXFileReference; lastKnownFileType = wrapper.framework; name = SpriteKit.framework; path = System/Library/Frameworks/SpriteKit.framework; sourceTree = SDKROOT; };
		0E69D1F318D6AD0900CDA858 /* SaveTheBall-Info.plist */ = {isa = PBXFileReference; lastKnownFileType = text.plist.xml; path = "SaveTheBall-Info.plist"; sourceTree = "<group>"; };
		0E69D1F518D6AD0900CDA858 /* en */ = {isa = PBXFileReference; lastKnownFileType = text.plist.strings; name = en; path = en.lproj/InfoPlist.strings; sourceTree = "<group>"; };
		0E69D1F718D6AD0900CDA858 /* main.m */ = {isa = PBXFileReference; lastKnownFileType = sourcecode.c.objc; path = main.m; sourceTree = "<group>"; };
		0E69D1F918D6AD0900CDA858 /* SaveTheBall-Prefix.pch */ = {isa = PBXFileReference; lastKnownFileType = sourcecode.c.h; path = "SaveTheBall-Prefix.pch"; sourceTree = "<group>"; };
		0E69D1FA18D6AD0900CDA858 /* STBAppDelegate.h */ = {isa = PBXFileReference; lastKnownFileType = sourcecode.c.h; path = STBAppDelegate.h; sourceTree = "<group>"; };
		0E69D1FB18D6AD0900CDA858 /* STBAppDelegate.m */ = {isa = PBXFileReference; lastKnownFileType = sourcecode.c.objc; path = STBAppDelegate.m; sourceTree = "<group>"; };
		0E69D1FE18D6AD0900CDA858 /* Base */ = {isa = PBXFileReference; lastKnownFileType = file.storyboard; name = Base; path = Base.lproj/Main.storyboard; sourceTree = "<group>"; };
		0E69D20018D6AD0900CDA858 /* STBGameViewController.h */ = {isa = PBXFileReference; lastKnownFileType = sourcecode.c.h; name = STBGameViewController.h; path = SaveTheBall/STBGameViewController.h; sourceTree = "<group>"; };
		0E69D20118D6AD0900CDA858 /* STBGameViewController.m */ = {isa = PBXFileReference; lastKnownFileType = sourcecode.c.objc; name = STBGameViewController.m; path = SaveTheBall/STBGameViewController.m; sourceTree = "<group>"; };
		0E69D20318D6AD0900CDA858 /* STBGameScene.h */ = {isa = PBXFileReference; lastKnownFileType = sourcecode.c.h; name = STBGameScene.h; path = SaveTheBall/STBGameScene.h; sourceTree = "<group>"; };
		0E69D20418D6AD0900CDA858 /* STBGameScene.m */ = {isa = PBXFileReference; lastKnownFileType = sourcecode.c.objc; name = STBGameScene.m; path = SaveTheBall/STBGameScene.m; sourceTree = "<group>"; };
		0E69D20618D6AD0900CDA858 /* Spaceship.png */ = {isa = PBXFileReference; lastKnownFileType = image.png; path = Spaceship.png; sourceTree = "<group>"; };
		0E69D20818D6AD0900CDA858 /* Images.xcassets */ = {isa = PBXFileReference; lastKnownFileType = folder.assetcatalog; path = Images.xcassets; sourceTree = "<group>"; };
		0E69D20E18D6AD0900CDA858 /* SaveTheBallTests.xctest */ = {isa = PBXFileReference; explicitFileType = wrapper.cfbundle; includeInIndex = 0; path = SaveTheBallTests.xctest; sourceTree = BUILT_PRODUCTS_DIR; };
		0E69D20F18D6AD0900CDA858 /* XCTest.framework */ = {isa = PBXFileReference; lastKnownFileType = wrapper.framework; name = XCTest.framework; path = Library/Frameworks/XCTest.framework; sourceTree = DEVELOPER_DIR; };
		0E69D21718D6AD0900CDA858 /* SaveTheBallTests-Info.plist */ = {isa = PBXFileReference; lastKnownFileType = text.plist.xml; path = "SaveTheBallTests-Info.plist"; sourceTree = "<group>"; };
		0E69D21918D6AD0900CDA858 /* en */ = {isa = PBXFileReference; lastKnownFileType = text.plist.strings; name = en; path = en.lproj/InfoPlist.strings; sourceTree = "<group>"; };
		0E69D21B18D6AD0900CDA858 /* SaveTheBallTests.m */ = {isa = PBXFileReference; lastKnownFileType = sourcecode.c.objc; path = SaveTheBallTests.m; sourceTree = "<group>"; };
		0E6F46C618E0713500D3D57A /* STBGameBlock.h */ = {isa = PBXFileReference; fileEncoding = 4; lastKnownFileType = sourcecode.c.h; name = STBGameBlock.h; path = SaveTheBall/STBGameBlock.h; sourceTree = "<group>"; };
		0E6F46C718E0713500D3D57A /* STBGameBlock.m */ = {isa = PBXFileReference; fileEncoding = 4; lastKnownFileType = sourcecode.c.objc; name = STBGameBlock.m; path = SaveTheBall/STBGameBlock.m; sourceTree = "<group>"; };
		AB17A1F818E06C980039BA91 /* STBOptionsViewController.h */ = {isa = PBXFileReference; fileEncoding = 4; lastKnownFileType = sourcecode.c.h; path = SaveTheBall/STBOptionsViewController.h; sourceTree = "<group>"; };
		AB17A1F918E06C980039BA91 /* STBOptionsViewController.m */ = {isa = PBXFileReference; fileEncoding = 4; lastKnownFileType = sourcecode.c.objc; path = SaveTheBall/STBOptionsViewController.m; sourceTree = "<group>"; };
		AB17A1FB18E06CB60039BA91 /* STBHighScoreViewController.h */ = {isa = PBXFileReference; fileEncoding = 4; lastKnownFileType = sourcecode.c.h; path = SaveTheBall/STBHighScoreViewController.h; sourceTree = "<group>"; };
		AB17A1FC18E06CB60039BA91 /* STBHighScoreViewController.m */ = {isa = PBXFileReference; fileEncoding = 4; lastKnownFileType = sourcecode.c.objc; path = SaveTheBall/STBHighScoreViewController.m; sourceTree = "<group>"; };
		CB71413018DFCAC60025270C /* STBMainMenuViewController.h */ = {isa = PBXFileReference; fileEncoding = 4; lastKnownFileType = sourcecode.c.h; name = STBMainMenuViewController.h; path = SaveTheBall/STBMainMenuViewController.h; sourceTree = "<group>"; };
		CB71413118DFCAC60025270C /* STBMainMenuViewController.m */ = {isa = PBXFileReference; fileEncoding = 4; lastKnownFileType = sourcecode.c.objc; name = STBMainMenuViewController.m; path = SaveTheBall/STBMainMenuViewController.m; sourceTree = "<group>"; };
		CB71413418DFCB4A0025270C /* button-long.png */ = {isa = PBXFileReference; lastKnownFileType = image.png; name = "button-long.png"; path = "SaveTheBall/images/button-long.png"; sourceTree = "<group>"; };
		CB71413618DFCF330025270C /* STBSocialViewController.h */ = {isa = PBXFileReference; fileEncoding = 4; lastKnownFileType = sourcecode.c.h; name = STBSocialViewController.h; path = SaveTheBall/STBSocialViewController.h; sourceTree = "<group>"; };
		CB71413718DFCF330025270C /* STBSocialViewController.m */ = {isa = PBXFileReference; fileEncoding = 4; lastKnownFileType = sourcecode.c.objc; name = STBSocialViewController.m; path = SaveTheBall/STBSocialViewController.m; sourceTree = "<group>"; };
		CB71413918DFD06A0025270C /* Social.framework */ = {isa = PBXFileReference; lastKnownFileType = wrapper.framework; name = Social.framework; path = System/Library/Frameworks/Social.framework; sourceTree = SDKROOT; };
		CB71413B18DFD0840025270C /* Accounts.framework */ = {isa = PBXFileReference; lastKnownFileType = wrapper.framework; name = Accounts.framework; path = System/Library/Frameworks/Accounts.framework; sourceTree = SDKROOT; };
		CB8C5B9918DFD74B009BEC51 /* Twitter.framework */ = {isa = PBXFileReference; lastKnownFileType = wrapper.framework; name = Twitter.framework; path = System/Library/Frameworks/Twitter.framework; sourceTree = SDKROOT; };
/* End PBXFileReference section */

/* Begin PBXFrameworksBuildPhase section */
		0E69D1E318D6AD0800CDA858 /* Frameworks */ = {
			isa = PBXFrameworksBuildPhase;
			buildActionMask = 2147483647;
			files = (
				CB71413C18DFD0840025270C /* Accounts.framework in Frameworks */,
				CB71413A18DFD06A0025270C /* Social.framework in Frameworks */,
				0E69D1EC18D6AD0800CDA858 /* CoreGraphics.framework in Frameworks */,
				0E69D1EE18D6AD0800CDA858 /* UIKit.framework in Frameworks */,
				0E69D1F018D6AD0800CDA858 /* SpriteKit.framework in Frameworks */,
				0E69D1EA18D6AD0800CDA858 /* Foundation.framework in Frameworks */,
			);
			runOnlyForDeploymentPostprocessing = 0;
		};
		0E69D20B18D6AD0900CDA858 /* Frameworks */ = {
			isa = PBXFrameworksBuildPhase;
			buildActionMask = 2147483647;
			files = (
				0E69D21018D6AD0900CDA858 /* XCTest.framework in Frameworks */,
				0E69D21218D6AD0900CDA858 /* UIKit.framework in Frameworks */,
				0E69D21118D6AD0900CDA858 /* Foundation.framework in Frameworks */,
			);
			runOnlyForDeploymentPostprocessing = 0;
		};
/* End PBXFrameworksBuildPhase section */

/* Begin PBXGroup section */
		0E69D1DD18D6AD0800CDA858 = {
			isa = PBXGroup;
			children = (
				0E6F46C418E0711A00D3D57A /* SpriteKit Classes */,
				0E69D1E818D6AD0800CDA858 /* Frameworks */,
				CB71413318DFCB3C0025270C /* Images */,
				ABA904EB18DA176200C03FCA /* Nibs */,
				0E69D1E718D6AD0800CDA858 /* Products */,
				0E69D1F118D6AD0900CDA858 /* SaveTheBall */,
				0E69D21518D6AD0900CDA858 /* SaveTheBallTests */,
				ABA904EC18DA176600C03FCA /* View Controllers */,
			);
			sourceTree = "<group>";
		};
		0E69D1E718D6AD0800CDA858 /* Products */ = {
			isa = PBXGroup;
			children = (
				0E69D1E618D6AD0800CDA858 /* SaveTheBall.app */,
				0E69D20E18D6AD0900CDA858 /* SaveTheBallTests.xctest */,
			);
			name = Products;
			sourceTree = "<group>";
		};
		0E69D1E818D6AD0800CDA858 /* Frameworks */ = {
			isa = PBXGroup;
			children = (
				CB71413B18DFD0840025270C /* Accounts.framework */,
				0E69D1EB18D6AD0800CDA858 /* CoreGraphics.framework */,
				0E69D1E918D6AD0800CDA858 /* Foundation.framework */,
				CB71413918DFD06A0025270C /* Social.framework */,
				0E69D1EF18D6AD0800CDA858 /* SpriteKit.framework */,
				CB8C5B9918DFD74B009BEC51 /* Twitter.framework */,
				0E69D1ED18D6AD0800CDA858 /* UIKit.framework */,
				0E69D20F18D6AD0900CDA858 /* XCTest.framework */,
			);
			name = Frameworks;
			sourceTree = "<group>";
		};
		0E69D1F118D6AD0900CDA858 /* SaveTheBall */ = {
			isa = PBXGroup;
			children = (
				0E69D20818D6AD0900CDA858 /* Images.xcassets */,
				0E69D20618D6AD0900CDA858 /* Spaceship.png */,
				0E69D1FA18D6AD0900CDA858 /* STBAppDelegate.h */,
				0E69D1FB18D6AD0900CDA858 /* STBAppDelegate.m */,
				0E69D1F218D6AD0900CDA858 /* Supporting Files */,
			);
			path = SaveTheBall;
			sourceTree = "<group>";
		};
		0E69D1F218D6AD0900CDA858 /* Supporting Files */ = {
			isa = PBXGroup;
			children = (
				0E69D1F318D6AD0900CDA858 /* SaveTheBall-Info.plist */,
				0E69D1F418D6AD0900CDA858 /* InfoPlist.strings */,
				0E69D1F718D6AD0900CDA858 /* main.m */,
				0E69D1F918D6AD0900CDA858 /* SaveTheBall-Prefix.pch */,
			);
			name = "Supporting Files";
			sourceTree = "<group>";
		};
		0E69D21518D6AD0900CDA858 /* SaveTheBallTests */ = {
			isa = PBXGroup;
			children = (
				0E69D21B18D6AD0900CDA858 /* SaveTheBallTests.m */,
				0E69D21618D6AD0900CDA858 /* Supporting Files */,
			);
			path = SaveTheBallTests;
			sourceTree = "<group>";
		};
		0E69D21618D6AD0900CDA858 /* Supporting Files */ = {
			isa = PBXGroup;
			children = (
				0E69D21718D6AD0900CDA858 /* SaveTheBallTests-Info.plist */,
				0E69D21818D6AD0900CDA858 /* InfoPlist.strings */,
			);
			name = "Supporting Files";
			sourceTree = "<group>";
		};
		0E6F46C418E0711A00D3D57A /* SpriteKit Classes */ = {
			isa = PBXGroup;
			children = (
				0E6F46C618E0713500D3D57A /* STBGameBlock.h */,
				0E6F46C718E0713500D3D57A /* STBGameBlock.m */,
				0E69D20318D6AD0900CDA858 /* STBGameScene.h */,
				0E69D20418D6AD0900CDA858 /* STBGameScene.m */,
			);
			name = "SpriteKit Classes";
			sourceTree = "<group>";
		};
		ABA904EB18DA176200C03FCA /* Nibs */ = {
			isa = PBXGroup;
			children = (
				0E69D1FD18D6AD0900CDA858 /* Main.storyboard */,
			);
			name = Nibs;
			sourceTree = "<group>";
		};
		ABA904EC18DA176600C03FCA /* View Controllers */ = {
			isa = PBXGroup;
			children = (
				0E69D20018D6AD0900CDA858 /* STBGameViewController.h */,
				0E69D20118D6AD0900CDA858 /* STBGameViewController.m */,
				AB17A1FB18E06CB60039BA91 /* STBHighScoreViewController.h */,
				AB17A1FC18E06CB60039BA91 /* STBHighScoreViewController.m */,
				CB71413018DFCAC60025270C /* STBMainMenuViewController.h */,
				CB71413118DFCAC60025270C /* STBMainMenuViewController.m */,
				AB17A1F818E06C980039BA91 /* STBOptionsViewController.h */,
				AB17A1F918E06C980039BA91 /* STBOptionsViewController.m */,
				CB71413618DFCF330025270C /* STBSocialViewController.h */,
				CB71413718DFCF330025270C /* STBSocialViewController.m */,
			);
			name = "View Controllers";
			sourceTree = "<group>";
		};
		CB71413318DFCB3C0025270C /* Images */ = {
			isa = PBXGroup;
			children = (
				CB71413418DFCB4A0025270C /* button-long.png */,
			);
			name = Images;
			sourceTree = "<group>";
		};
/* End PBXGroup section */

/* Begin PBXNativeTarget section */
		0E69D1E518D6AD0800CDA858 /* SaveTheBall */ = {
			isa = PBXNativeTarget;
			buildConfigurationList = 0E69D21F18D6AD0900CDA858 /* Build configuration list for PBXNativeTarget "SaveTheBall" */;
			buildPhases = (
				0E69D1E218D6AD0800CDA858 /* Sources */,
				0E69D1E318D6AD0800CDA858 /* Frameworks */,
				0E69D1E418D6AD0800CDA858 /* Resources */,
			);
			buildRules = (
			);
			dependencies = (
			);
			name = SaveTheBall;
			productName = SaveTheBall;
			productReference = 0E69D1E618D6AD0800CDA858 /* SaveTheBall.app */;
			productType = "com.apple.product-type.application";
		};
		0E69D20D18D6AD0900CDA858 /* SaveTheBallTests */ = {
			isa = PBXNativeTarget;
			buildConfigurationList = 0E69D22218D6AD0900CDA858 /* Build configuration list for PBXNativeTarget "SaveTheBallTests" */;
			buildPhases = (
				0E69D20A18D6AD0900CDA858 /* Sources */,
				0E69D20B18D6AD0900CDA858 /* Frameworks */,
				0E69D20C18D6AD0900CDA858 /* Resources */,
			);
			buildRules = (
			);
			dependencies = (
				0E69D21418D6AD0900CDA858 /* PBXTargetDependency */,
			);
			name = SaveTheBallTests;
			productName = SaveTheBallTests;
			productReference = 0E69D20E18D6AD0900CDA858 /* SaveTheBallTests.xctest */;
			productType = "com.apple.product-type.bundle.unit-test";
		};
/* End PBXNativeTarget section */

/* Begin PBXProject section */
		0E69D1DE18D6AD0800CDA858 /* Project object */ = {
			isa = PBXProject;
			attributes = {
				CLASSPREFIX = STB;
				LastUpgradeCheck = 0510;
				ORGANIZATIONNAME = "Spiral Iris Software";
				TargetAttributes = {
					0E69D20D18D6AD0900CDA858 = {
						TestTargetID = 0E69D1E518D6AD0800CDA858;
					};
				};
			};
			buildConfigurationList = 0E69D1E118D6AD0800CDA858 /* Build configuration list for PBXProject "SaveTheBall" */;
			compatibilityVersion = "Xcode 3.2";
			developmentRegion = English;
			hasScannedForEncodings = 0;
			knownRegions = (
				en,
				Base,
			);
			mainGroup = 0E69D1DD18D6AD0800CDA858;
			productRefGroup = 0E69D1E718D6AD0800CDA858 /* Products */;
			projectDirPath = "";
			projectRoot = "";
			targets = (
				0E69D1E518D6AD0800CDA858 /* SaveTheBall */,
				0E69D20D18D6AD0900CDA858 /* SaveTheBallTests */,
			);
		};
/* End PBXProject section */

/* Begin PBXResourcesBuildPhase section */
		0E69D1E418D6AD0800CDA858 /* Resources */ = {
			isa = PBXResourcesBuildPhase;
			buildActionMask = 2147483647;
			files = (
				0E69D1F618D6AD0900CDA858 /* InfoPlist.strings in Resources */,
				0E69D20918D6AD0900CDA858 /* Images.xcassets in Resources */,
				CB71413518DFCB4A0025270C /* button-long.png in Resources */,
				0E69D20718D6AD0900CDA858 /* Spaceship.png in Resources */,
				0E69D1FF18D6AD0900CDA858 /* Main.storyboard in Resources */,
			);
			runOnlyForDeploymentPostprocessing = 0;
		};
		0E69D20C18D6AD0900CDA858 /* Resources */ = {
			isa = PBXResourcesBuildPhase;
			buildActionMask = 2147483647;
			files = (
				0E69D21A18D6AD0900CDA858 /* InfoPlist.strings in Resources */,
			);
			runOnlyForDeploymentPostprocessing = 0;
		};
/* End PBXResourcesBuildPhase section */

/* Begin PBXSourcesBuildPhase section */
		0E69D1E218D6AD0800CDA858 /* Sources */ = {
			isa = PBXSourcesBuildPhase;
			buildActionMask = 2147483647;
			files = (
				0E69D20518D6AD0900CDA858 /* STBGameScene.m in Sources */,
				CB71413218DFCAC60025270C /* STBMainMenuViewController.m in Sources */,
				0E69D20218D6AD0900CDA858 /* STBGameViewController.m in Sources */,
				AB17A1FD18E06CB60039BA91 /* STBHighScoreViewController.m in Sources */,
				CB71413818DFCF330025270C /* STBSocialViewController.m in Sources */,
				0E6F46C818E0713500D3D57A /* STBGameBlock.m in Sources */,
				0E69D1FC18D6AD0900CDA858 /* STBAppDelegate.m in Sources */,
				AB17A1FA18E06C980039BA91 /* STBOptionsViewController.m in Sources */,
				0E69D1F818D6AD0900CDA858 /* main.m in Sources */,
			);
			runOnlyForDeploymentPostprocessing = 0;
		};
		0E69D20A18D6AD0900CDA858 /* Sources */ = {
			isa = PBXSourcesBuildPhase;
			buildActionMask = 2147483647;
			files = (
				0E69D21C18D6AD0900CDA858 /* SaveTheBallTests.m in Sources */,
			);
			runOnlyForDeploymentPostprocessing = 0;
		};
/* End PBXSourcesBuildPhase section */

/* Begin PBXTargetDependency section */
		0E69D21418D6AD0900CDA858 /* PBXTargetDependency */ = {
			isa = PBXTargetDependency;
			target = 0E69D1E518D6AD0800CDA858 /* SaveTheBall */;
			targetProxy = 0E69D21318D6AD0900CDA858 /* PBXContainerItemProxy */;
		};
/* End PBXTargetDependency section */

/* Begin PBXVariantGroup section */
		0E69D1F418D6AD0900CDA858 /* InfoPlist.strings */ = {
			isa = PBXVariantGroup;
			children = (
				0E69D1F518D6AD0900CDA858 /* en */,
			);
			name = InfoPlist.strings;
			sourceTree = "<group>";
		};
		0E69D1FD18D6AD0900CDA858 /* Main.storyboard */ = {
			isa = PBXVariantGroup;
			children = (
				0E69D1FE18D6AD0900CDA858 /* Base */,
			);
			name = Main.storyboard;
			path = SaveTheBall;
			sourceTree = "<group>";
		};
		0E69D21818D6AD0900CDA858 /* InfoPlist.strings */ = {
			isa = PBXVariantGroup;
			children = (
				0E69D21918D6AD0900CDA858 /* en */,
			);
			name = InfoPlist.strings;
			sourceTree = "<group>";
		};
/* End PBXVariantGroup section */

/* Begin XCBuildConfiguration section */
		0E69D21D18D6AD0900CDA858 /* Debug */ = {
			isa = XCBuildConfiguration;
			buildSettings = {
				ALWAYS_SEARCH_USER_PATHS = NO;
				CLANG_CXX_LANGUAGE_STANDARD = "gnu++0x";
				CLANG_CXX_LIBRARY = "libc++";
				CLANG_ENABLE_MODULES = YES;
				CLANG_ENABLE_OBJC_ARC = YES;
				CLANG_WARN_BOOL_CONVERSION = YES;
				CLANG_WARN_CONSTANT_CONVERSION = YES;
				CLANG_WARN_DIRECT_OBJC_ISA_USAGE = YES_ERROR;
				CLANG_WARN_EMPTY_BODY = YES;
				CLANG_WARN_ENUM_CONVERSION = YES;
				CLANG_WARN_INT_CONVERSION = YES;
				CLANG_WARN_OBJC_ROOT_CLASS = YES_ERROR;
				CLANG_WARN__DUPLICATE_METHOD_MATCH = YES;
				"CODE_SIGN_IDENTITY[sdk=iphoneos*]" = "iPhone Developer";
				COPY_PHASE_STRIP = NO;
				GCC_C_LANGUAGE_STANDARD = gnu99;
				GCC_DYNAMIC_NO_PIC = NO;
				GCC_OPTIMIZATION_LEVEL = 0;
				GCC_PREPROCESSOR_DEFINITIONS = (
					"DEBUG=1",
					"$(inherited)",
				);
				GCC_SYMBOLS_PRIVATE_EXTERN = NO;
				GCC_WARN_64_TO_32_BIT_CONVERSION = YES;
				GCC_WARN_ABOUT_RETURN_TYPE = YES_ERROR;
				GCC_WARN_UNDECLARED_SELECTOR = YES;
				GCC_WARN_UNINITIALIZED_AUTOS = YES_AGGRESSIVE;
				GCC_WARN_UNUSED_FUNCTION = YES;
				GCC_WARN_UNUSED_VARIABLE = YES;
				IPHONEOS_DEPLOYMENT_TARGET = 7.1;
				ONLY_ACTIVE_ARCH = YES;
				SDKROOT = iphoneos;
			};
			name = Debug;
		};
		0E69D21E18D6AD0900CDA858 /* Release */ = {
			isa = XCBuildConfiguration;
			buildSettings = {
				ALWAYS_SEARCH_USER_PATHS = NO;
				CLANG_CXX_LANGUAGE_STANDARD = "gnu++0x";
				CLANG_CXX_LIBRARY = "libc++";
				CLANG_ENABLE_MODULES = YES;
				CLANG_ENABLE_OBJC_ARC = YES;
				CLANG_WARN_BOOL_CONVERSION = YES;
				CLANG_WARN_CONSTANT_CONVERSION = YES;
				CLANG_WARN_DIRECT_OBJC_ISA_USAGE = YES_ERROR;
				CLANG_WARN_EMPTY_BODY = YES;
				CLANG_WARN_ENUM_CONVERSION = YES;
				CLANG_WARN_INT_CONVERSION = YES;
				CLANG_WARN_OBJC_ROOT_CLASS = YES_ERROR;
				CLANG_WARN__DUPLICATE_METHOD_MATCH = YES;
				"CODE_SIGN_IDENTITY[sdk=iphoneos*]" = "iPhone Developer";
				COPY_PHASE_STRIP = YES;
				ENABLE_NS_ASSERTIONS = NO;
				GCC_C_LANGUAGE_STANDARD = gnu99;
				GCC_WARN_64_TO_32_BIT_CONVERSION = YES;
				GCC_WARN_ABOUT_RETURN_TYPE = YES_ERROR;
				GCC_WARN_UNDECLARED_SELECTOR = YES;
				GCC_WARN_UNINITIALIZED_AUTOS = YES_AGGRESSIVE;
				GCC_WARN_UNUSED_FUNCTION = YES;
				GCC_WARN_UNUSED_VARIABLE = YES;
				IPHONEOS_DEPLOYMENT_TARGET = 7.1;
				SDKROOT = iphoneos;
				VALIDATE_PRODUCT = YES;
			};
			name = Release;
		};
		0E69D22018D6AD0900CDA858 /* Debug */ = {
			isa = XCBuildConfiguration;
			buildSettings = {
				ASSETCATALOG_COMPILER_APPICON_NAME = AppIcon;
				ASSETCATALOG_COMPILER_LAUNCHIMAGE_NAME = LaunchImage;
				GCC_PRECOMPILE_PREFIX_HEADER = YES;
				GCC_PREFIX_HEADER = "SaveTheBall/SaveTheBall-Prefix.pch";
				INFOPLIST_FILE = "SaveTheBall/SaveTheBall-Info.plist";
				PRODUCT_NAME = "$(TARGET_NAME)";
				SPRITEKIT_TEXTURE_ATLAS_OUTPUT = YES;
				WRAPPER_EXTENSION = app;
			};
			name = Debug;
		};
		0E69D22118D6AD0900CDA858 /* Release */ = {
			isa = XCBuildConfiguration;
			buildSettings = {
				ASSETCATALOG_COMPILER_APPICON_NAME = AppIcon;
				ASSETCATALOG_COMPILER_LAUNCHIMAGE_NAME = LaunchImage;
				GCC_PRECOMPILE_PREFIX_HEADER = YES;
				GCC_PREFIX_HEADER = "SaveTheBall/SaveTheBall-Prefix.pch";
				INFOPLIST_FILE = "SaveTheBall/SaveTheBall-Info.plist";
				PRODUCT_NAME = "$(TARGET_NAME)";
				SPRITEKIT_TEXTURE_ATLAS_OUTPUT = YES;
				WRAPPER_EXTENSION = app;
			};
			name = Release;
		};
		0E69D22318D6AD0900CDA858 /* Debug */ = {
			isa = XCBuildConfiguration;
			buildSettings = {
				BUNDLE_LOADER = "$(BUILT_PRODUCTS_DIR)/SaveTheBall.app/SaveTheBall";
				FRAMEWORK_SEARCH_PATHS = (
					"$(SDKROOT)/Developer/Library/Frameworks",
					"$(inherited)",
					"$(DEVELOPER_FRAMEWORKS_DIR)",
				);
				GCC_PRECOMPILE_PREFIX_HEADER = YES;
				GCC_PREFIX_HEADER = "SaveTheBall/SaveTheBall-Prefix.pch";
				GCC_PREPROCESSOR_DEFINITIONS = (
					"DEBUG=1",
					"$(inherited)",
				);
				INFOPLIST_FILE = "SaveTheBallTests/SaveTheBallTests-Info.plist";
				PRODUCT_NAME = "$(TARGET_NAME)";
				TEST_HOST = "$(BUNDLE_LOADER)";
				WRAPPER_EXTENSION = xctest;
			};
			name = Debug;
		};
		0E69D22418D6AD0900CDA858 /* Release */ = {
			isa = XCBuildConfiguration;
			buildSettings = {
				BUNDLE_LOADER = "$(BUILT_PRODUCTS_DIR)/SaveTheBall.app/SaveTheBall";
				FRAMEWORK_SEARCH_PATHS = (
					"$(SDKROOT)/Developer/Library/Frameworks",
					"$(inherited)",
					"$(DEVELOPER_FRAMEWORKS_DIR)",
				);
				GCC_PRECOMPILE_PREFIX_HEADER = YES;
				GCC_PREFIX_HEADER = "SaveTheBall/SaveTheBall-Prefix.pch";
				INFOPLIST_FILE = "SaveTheBallTests/SaveTheBallTests-Info.plist";
				PRODUCT_NAME = "$(TARGET_NAME)";
				TEST_HOST = "$(BUNDLE_LOADER)";
				WRAPPER_EXTENSION = xctest;
			};
			name = Release;
		};
/* End XCBuildConfiguration section */

/* Begin XCConfigurationList section */
		0E69D1E118D6AD0800CDA858 /* Build configuration list for PBXProject "SaveTheBall" */ = {
			isa = XCConfigurationList;
			buildConfigurations = (
				0E69D21D18D6AD0900CDA858 /* Debug */,
				0E69D21E18D6AD0900CDA858 /* Release */,
			);
			defaultConfigurationIsVisible = 0;
			defaultConfigurationName = Release;
		};
		0E69D21F18D6AD0900CDA858 /* Build configuration list for PBXNativeTarget "SaveTheBall" */ = {
			isa = XCConfigurationList;
			buildConfigurations = (
				0E69D22018D6AD0900CDA858 /* Debug */,
				0E69D22118D6AD0900CDA858 /* Release */,
			);
			defaultConfigurationIsVisible = 0;
			defaultConfigurationName = Release;
		};
		0E69D22218D6AD0900CDA858 /* Build configuration list for PBXNativeTarget "SaveTheBallTests" */ = {
			isa = XCConfigurationList;
			buildConfigurations = (
				0E69D22318D6AD0900CDA858 /* Debug */,
				0E69D22418D6AD0900CDA858 /* Release */,
			);
			defaultConfigurationIsVisible = 0;
			defaultConfigurationName = Release;
		};
/* End XCConfigurationList section */
	};
	rootObject = 0E69D1DE18D6AD0800CDA858 /* Project object */;
}
